
Microsoft Visual Studio Solution File, Format Version 12.00
# Visual Studio Version 17
VisualStudioVersion = 17.9.34607.119
MinimumVisualStudioVersion = 10.0.40219.1
Project("{FAE04EC0-301F-11D3-BF4B-00C04F79EFBC}") = "EntityFramework_CodeFirst", "EntityFramework_CodeFirst\EntityFramework_CodeFirst.csproj", "{0769C634-A913-4F48-84CC-5F509A3231DB}"
EndProject
Global
	GlobalSection(SolutionConfigurationPlatforms) = preSolution
		Debug|Any CPU = Debug|Any CPU
		Release|Any CPU = Release|Any CPU
	EndGlobalSection
	GlobalSection(ProjectConfigurationPlatforms) = postSolution
		{0769C634-A913-4F48-84CC-5F509A3231DB}.Debug|Any CPU.ActiveCfg = Debug|Any CPU
		{0769C634-A913-4F48-84CC-5F509A3231DB}.Debug|Any CPU.Build.0 = Debug|Any CPU
		{0769C634-A913-4F48-84CC-5F509A3231DB}.Release|Any CPU.ActiveCfg = Release|Any CPU
		{0769C634-A913-4F48-84CC-5F509A3231DB}.Release|Any CPU.Build.0 = Release|Any CPU
	EndGlobalSection
	GlobalSection(SolutionProperties) = preSolution
		HideSolutionNode = FALSE
	EndGlobalSection
	GlobalSection(ExtensibilityGlobals) = postSolution
		SolutionGuid = {65EC438B-B276-4CF7-9ADF-D998051FDE6D}
	EndGlobalSection
EndGlobal
